// !$*UTF8*$!
{
	archiveVersion = 1;
	classes = {
	};
	objectVersion = 50;
	objects = {

/* Begin PBXBuildFile section */
		300D4B372257A96C00D77EEB /* Question.swift in Sources */ = {isa = PBXBuildFile; fileRef = 300D4B362257A96C00D77EEB /* Question.swift */; };
		300D4B392257AA4800D77EEB /* QuestionSet.swift in Sources */ = {isa = PBXBuildFile; fileRef = 300D4B382257AA4800D77EEB /* QuestionSet.swift */; };
		300D4B3B2257AADA00D77EEB /* Default-568h@2x.png in Resources */ = {isa = PBXBuildFile; fileRef = 300D4B3A2257AADA00D77EEB /* Default-568h@2x.png */; };
		300D4B3D2257B42B00D77EEB /* AnswerSet.swift in Sources */ = {isa = PBXBuildFile; fileRef = 300D4B3C2257B42B00D77EEB /* AnswerSet.swift */; };
		300D4B4C225AEE4100D77EEB /* Mountain Chickadee.mp3 in Resources */ = {isa = PBXBuildFile; fileRef = 300D4B4B225AEE4100D77EEB /* Mountain Chickadee.mp3 */; };
		300D4B4E225AF89F00D77EEB /* Meadowlark.mp3 in Resources */ = {isa = PBXBuildFile; fileRef = 300D4B4D225AF89F00D77EEB /* Meadowlark.mp3 */; };
		300D4B56225B13BB00D77EEB /* Duck.mp3 in Resources */ = {isa = PBXBuildFile; fileRef = 300D4B55225B13BB00D77EEB /* Duck.mp3 */; };
		300D4B58225B146600D77EEB /* Crow.mp3 in Resources */ = {isa = PBXBuildFile; fileRef = 300D4B57225B146600D77EEB /* Crow.mp3 */; };
		300D4B5A225B14B300D77EEB /* Owl.mp3 in Resources */ = {isa = PBXBuildFile; fileRef = 300D4B59225B14B300D77EEB /* Owl.mp3 */; };
		309F4058224CFD750049DD2F /* AppDelegate.swift in Sources */ = {isa = PBXBuildFile; fileRef = 309F4057224CFD750049DD2F /* AppDelegate.swift */; };
		309F405A224CFD750049DD2F /* ViewController.swift in Sources */ = {isa = PBXBuildFile; fileRef = 309F4059224CFD750049DD2F /* ViewController.swift */; };
		309F405D224CFD750049DD2F /* Main.storyboard in Resources */ = {isa = PBXBuildFile; fileRef = 309F405B224CFD750049DD2F /* Main.storyboard */; };
		309F405F224CFD750049DD2F /* Assets.xcassets in Resources */ = {isa = PBXBuildFile; fileRef = 309F405E224CFD750049DD2F /* Assets.xcassets */; };
		309F4062224CFD750049DD2F /* LaunchScreen.storyboard in Resources */ = {isa = PBXBuildFile; fileRef = 309F4060224CFD750049DD2F /* LaunchScreen.storyboard */; };
		30D038132251E64C00425291 /* TestViewController.swift in Sources */ = {isa = PBXBuildFile; fileRef = 30D038122251E64C00425291 /* TestViewController.swift */; };
/* End PBXBuildFile section */

/* Begin PBXFileReference section */
		300D4B362257A96C00D77EEB /* Question.swift */ = {isa = PBXFileReference; lastKnownFileType = sourcecode.swift; path = Question.swift; sourceTree = "<group>"; };
		300D4B382257AA4800D77EEB /* QuestionSet.swift */ = {isa = PBXFileReference; lastKnownFileType = sourcecode.swift; path = QuestionSet.swift; sourceTree = "<group>"; };
		300D4B3A2257AADA00D77EEB /* Default-568h@2x.png */ = {isa = PBXFileReference; lastKnownFileType = image.png; path = "Default-568h@2x.png"; sourceTree = "<group>"; };
		300D4B3C2257B42B00D77EEB /* AnswerSet.swift */ = {isa = PBXFileReference; lastKnownFileType = sourcecode.swift; path = AnswerSet.swift; sourceTree = "<group>"; };
		300D4B4B225AEE4100D77EEB /* Mountain Chickadee.mp3 */ = {isa = PBXFileReference; lastKnownFileType = audio.mp3; name = "Mountain Chickadee.mp3"; path = "../../../../Mountain Chickadee.mp3"; sourceTree = "<group>"; };
		300D4B4D225AF89F00D77EEB /* Meadowlark.mp3 */ = {isa = PBXFileReference; lastKnownFileType = audio.mp3; name = Meadowlark.mp3; path = ../../../../Meadowlark.mp3; sourceTree = "<group>"; };
		300D4B55225B13BB00D77EEB /* Duck.mp3 */ = {isa = PBXFileReference; lastKnownFileType = audio.mp3; name = Duck.mp3; path = ../../../../Duck.mp3; sourceTree = "<group>"; };
		300D4B57225B146600D77EEB /* Crow.mp3 */ = {isa = PBXFileReference; lastKnownFileType = audio.mp3; name = Crow.mp3; path = ../../../../Crow.mp3; sourceTree = "<group>"; };
		300D4B59225B14B300D77EEB /* Owl.mp3 */ = {isa = PBXFileReference; lastKnownFileType = audio.mp3; name = Owl.mp3; path = ../../../../Owl.mp3; sourceTree = "<group>"; };
		309F4054224CFD750049DD2F /* Birdsong.app */ = {isa = PBXFileReference; explicitFileType = wrapper.application; includeInIndex = 0; path = Birdsong.app; sourceTree = BUILT_PRODUCTS_DIR; };
		309F4057224CFD750049DD2F /* AppDelegate.swift */ = {isa = PBXFileReference; lastKnownFileType = sourcecode.swift; path = AppDelegate.swift; sourceTree = "<group>"; };
		309F4059224CFD750049DD2F /* ViewController.swift */ = {isa = PBXFileReference; lastKnownFileType = sourcecode.swift; path = ViewController.swift; sourceTree = "<group>"; };
		309F405C224CFD750049DD2F /* Base */ = {isa = PBXFileReference; lastKnownFileType = file.storyboard; name = Base; path = Base.lproj/Main.storyboard; sourceTree = "<group>"; };
		309F405E224CFD750049DD2F /* Assets.xcassets */ = {isa = PBXFileReference; lastKnownFileType = folder.assetcatalog; path = Assets.xcassets; sourceTree = "<group>"; };
		309F4061224CFD750049DD2F /* Base */ = {isa = PBXFileReference; lastKnownFileType = file.storyboard; name = Base; path = Base.lproj/LaunchScreen.storyboard; sourceTree = "<group>"; };
		309F4063224CFD750049DD2F /* Info.plist */ = {isa = PBXFileReference; lastKnownFileType = text.plist.xml; path = Info.plist; sourceTree = "<group>"; };
		30D038122251E64C00425291 /* TestViewController.swift */ = {isa = PBXFileReference; lastKnownFileType = sourcecode.swift; path = TestViewController.swift; sourceTree = "<group>"; };
/* End PBXFileReference section */

/* Begin PBXFrameworksBuildPhase section */
		309F4051224CFD750049DD2F /* Frameworks */ = {
			isa = PBXFrameworksBuildPhase;
			buildActionMask = 2147483647;
			files = (
			);
			runOnlyForDeploymentPostprocessing = 0;
		};
/* End PBXFrameworksBuildPhase section */

/* Begin PBXGroup section */
		300D4B322257A5E600D77EEB /* Model */ = {
			isa = PBXGroup;
			children = (
				300D4B362257A96C00D77EEB /* Question.swift */,
				300D4B382257AA4800D77EEB /* QuestionSet.swift */,
				300D4B3C2257B42B00D77EEB /* AnswerSet.swift */,
			);
			path = Model;
			sourceTree = "<group>";
		};
		300D4B332257A5FC00D77EEB /* View */ = {
			isa = PBXGroup;
			children = (
				309F405B224CFD750049DD2F /* Main.storyboard */,
				309F4060224CFD750049DD2F /* LaunchScreen.storyboard */,
				309F405E224CFD750049DD2F /* Assets.xcassets */,
			);
			path = View;
			sourceTree = "<group>";
		};
		300D4B342257A60100D77EEB /* Controller */ = {
			isa = PBXGroup;
			children = (
				30D038122251E64C00425291 /* TestViewController.swift */,
				309F4059224CFD750049DD2F /* ViewController.swift */,
				309F4057224CFD750049DD2F /* AppDelegate.swift */,
			);
			path = Controller;
			sourceTree = "<group>";
		};
		300D4B352257A66200D77EEB /* Supporting Files */ = {
			isa = PBXGroup;
			children = (
				309F4063224CFD750049DD2F /* Info.plist */,
				30D0380F2251E4FE00425291 /* Sound Files */,
			);
			path = "Supporting Files";
			sourceTree = "<group>";
		};
		309F404B224CFD750049DD2F = {
			isa = PBXGroup;
			children = (
				300D4B3A2257AADA00D77EEB /* Default-568h@2x.png */,
				309F4056224CFD750049DD2F /* Birdsong */,
				309F4055224CFD750049DD2F /* Products */,
			);
			sourceTree = "<group>";
		};
		309F4055224CFD750049DD2F /* Products */ = {
			isa = PBXGroup;
			children = (
				309F4054224CFD750049DD2F /* Birdsong.app */,
			);
			name = Products;
			sourceTree = "<group>";
		};
		309F4056224CFD750049DD2F /* Birdsong */ = {
			isa = PBXGroup;
			children = (
				300D4B342257A60100D77EEB /* Controller */,
				300D4B332257A5FC00D77EEB /* View */,
				300D4B322257A5E600D77EEB /* Model */,
				300D4B352257A66200D77EEB /* Supporting Files */,
			);
			path = Birdsong;
			sourceTree = "<group>";
		};
		30D0380F2251E4FE00425291 /* Sound Files */ = {
			isa = PBXGroup;
			children = (
				300D4B59225B14B300D77EEB /* Owl.mp3 */,
				300D4B57225B146600D77EEB /* Crow.mp3 */,
				300D4B55225B13BB00D77EEB /* Duck.mp3 */,
				300D4B4B225AEE4100D77EEB /* Mountain Chickadee.mp3 */,
				300D4B4D225AF89F00D77EEB /* Meadowlark.mp3 */,
			);
			path = "Sound Files";
			sourceTree = "<group>";
		};
/* End PBXGroup section */

/* Begin PBXNativeTarget section */
		309F4053224CFD750049DD2F /* Birdsong */ = {
			isa = PBXNativeTarget;
			buildConfigurationList = 309F4066224CFD750049DD2F /* Build configuration list for PBXNativeTarget "Birdsong" */;
			buildPhases = (
				309F4050224CFD750049DD2F /* Sources */,
				309F4051224CFD750049DD2F /* Frameworks */,
				309F4052224CFD750049DD2F /* Resources */,
			);
			buildRules = (
			);
			dependencies = (
			);
			name = Birdsong;
			productName = Birdsong;
			productReference = 309F4054224CFD750049DD2F /* Birdsong.app */;
			productType = "com.apple.product-type.application";
		};
/* End PBXNativeTarget section */

/* Begin PBXProject section */
		309F404C224CFD750049DD2F /* Project object */ = {
			isa = PBXProject;
			attributes = {
				LastSwiftUpdateCheck = 1020;
				LastUpgradeCheck = 1020;
				ORGANIZATIONNAME = "Danny Kang";
				TargetAttributes = {
					309F4053224CFD750049DD2F = {
						CreatedOnToolsVersion = 10.2;
					};
				};
			};
			buildConfigurationList = 309F404F224CFD750049DD2F /* Build configuration list for PBXProject "Birdsong" */;
			compatibilityVersion = "Xcode 9.3";
			developmentRegion = en;
			hasScannedForEncodings = 0;
			knownRegions = (
				en,
				Base,
			);
			mainGroup = 309F404B224CFD750049DD2F;
			productRefGroup = 309F4055224CFD750049DD2F /* Products */;
			projectDirPath = "";
			projectRoot = "";
			targets = (
				309F4053224CFD750049DD2F /* Birdsong */,
			);
		};
/* End PBXProject section */

/* Begin PBXResourcesBuildPhase section */
		309F4052224CFD750049DD2F /* Resources */ = {
			isa = PBXResourcesBuildPhase;
			buildActionMask = 2147483647;
			files = (
				309F4062224CFD750049DD2F /* LaunchScreen.storyboard in Resources */,
				300D4B58225B146600D77EEB /* Crow.mp3 in Resources */,
				300D4B4E225AF89F00D77EEB /* Meadowlark.mp3 in Resources */,
				300D4B5A225B14B300D77EEB /* Owl.mp3 in Resources */,
				300D4B4C225AEE4100D77EEB /* Mountain Chickadee.mp3 in Resources */,
				309F405F224CFD750049DD2F /* Assets.xcassets in Resources */,
				300D4B3B2257AADA00D77EEB /* Default-568h@2x.png in Resources */,
				300D4B56225B13BB00D77EEB /* Duck.mp3 in Resources */,
				309F405D224CFD750049DD2F /* Main.storyboard in Resources */,
			);
			runOnlyForDeploymentPostprocessing = 0;
		};
/* End PBXResourcesBuildPhase section */

/* Begin PBXSourcesBuildPhase section */
		309F4050224CFD750049DD2F /* Sources */ = {
			isa = PBXSourcesBuildPhase;
			buildActionMask = 2147483647;
			files = (
				300D4B392257AA4800D77EEB /* QuestionSet.swift in Sources */,
				309F405A224CFD750049DD2F /* ViewController.swift in Sources */,
				300D4B372257A96C00D77EEB /* Question.swift in Sources */,
				30D038132251E64C00425291 /* TestViewController.swift in Sources */,
				300D4B3D2257B42B00D77EEB /* AnswerSet.swift in Sources */,
				309F4058224CFD750049DD2F /* AppDelegate.swift in Sources */,
			);
			runOnlyForDeploymentPostprocessing = 0;
		};
/* End PBXSourcesBuildPhase section */

/* Begin PBXVariantGroup section */
		309F405B224CFD750049DD2F /* Main.storyboard */ = {
			isa = PBXVariantGroup;
			children = (
				309F405C224CFD750049DD2F /* Base */,
			);
			name = Main.storyboard;
			sourceTree = "<group>";
		};
		309F4060224CFD750049DD2F /* LaunchScreen.storyboard */ = {
			isa = PBXVariantGroup;
			children = (
				309F4061224CFD750049DD2F /* Base */,
			);
			name = LaunchScreen.storyboard;
			sourceTree = "<group>";
		};
/* End PBXVariantGroup section */

/* Begin XCBuildConfiguration section */
		309F4064224CFD750049DD2F /* Debug */ = {
			isa = XCBuildConfiguration;
			buildSettings = {
				ALWAYS_SEARCH_USER_PATHS = NO;
				CLANG_ANALYZER_NONNULL = YES;
				CLANG_ANALYZER_NUMBER_OBJECT_CONVERSION = YES_AGGRESSIVE;
				CLANG_CXX_LANGUAGE_STANDARD = "gnu++14";
				CLANG_CXX_LIBRARY = "libc++";
				CLANG_ENABLE_MODULES = YES;
				CLANG_ENABLE_OBJC_ARC = YES;
				CLANG_ENABLE_OBJC_WEAK = YES;
				CLANG_WARN_BLOCK_CAPTURE_AUTORELEASING = YES;
				CLANG_WARN_BOOL_CONVERSION = YES;
				CLANG_WARN_COMMA = YES;
				CLANG_WARN_CONSTANT_CONVERSION = YES;
				CLANG_WARN_DEPRECATED_OBJC_IMPLEMENTATIONS = YES;
				CLANG_WARN_DIRECT_OBJC_ISA_USAGE = YES_ERROR;
				CLANG_WARN_DOCUMENTATION_COMMENTS = YES;
				CLANG_WARN_EMPTY_BODY = YES;
				CLANG_WARN_ENUM_CONVERSION = YES;
				CLANG_WARN_INFINITE_RECURSION = YES;
				CLANG_WARN_INT_CONVERSION = YES;
				CLANG_WARN_NON_LITERAL_NULL_CONVERSION = YES;
				CLANG_WARN_OBJC_IMPLICIT_RETAIN_SELF = YES;
				CLANG_WARN_OBJC_LITERAL_CONVERSION = YES;
				CLANG_WARN_OBJC_ROOT_CLASS = YES_ERROR;
				CLANG_WARN_RANGE_LOOP_ANALYSIS = YES;
				CLANG_WARN_STRICT_PROTOTYPES = YES;
				CLANG_WARN_SUSPICIOUS_MOVE = YES;
				CLANG_WARN_UNGUARDED_AVAILABILITY = YES_AGGRESSIVE;
				CLANG_WARN_UNREACHABLE_CODE = YES;
				CLANG_WARN__DUPLICATE_METHOD_MATCH = YES;
				CODE_SIGN_IDENTITY = "iPhone Developer";
				COPY_PHASE_STRIP = NO;
				DEBUG_INFORMATION_FORMAT = dwarf;
				ENABLE_STRICT_OBJC_MSGSEND = YES;
				ENABLE_TESTABILITY = YES;
				GCC_C_LANGUAGE_STANDARD = gnu11;
				GCC_DYNAMIC_NO_PIC = NO;
				GCC_NO_COMMON_BLOCKS = YES;
				GCC_OPTIMIZATION_LEVEL = 0;
				GCC_PREPROCESSOR_DEFINITIONS = (
					"DEBUG=1",
					"$(inherited)",
				);
				GCC_WARN_64_TO_32_BIT_CONVERSION = YES;
				GCC_WARN_ABOUT_RETURN_TYPE = YES_ERROR;
				GCC_WARN_UNDECLARED_SELECTOR = YES;
				GCC_WARN_UNINITIALIZED_AUTOS = YES_AGGRESSIVE;
				GCC_WARN_UNUSED_FUNCTION = YES;
				GCC_WARN_UNUSED_VARIABLE = YES;
				IPHONEOS_DEPLOYMENT_TARGET = 12.2;
				MTL_ENABLE_DEBUG_INFO = INCLUDE_SOURCE;
				MTL_FAST_MATH = YES;
				ONLY_ACTIVE_ARCH = YES;
				SDKROOT = iphoneos;
				SWIFT_ACTIVE_COMPILATION_CONDITIONS = DEBUG;
				SWIFT_OPTIMIZATION_LEVEL = "-Onone";
			};
			name = Debug;
		};
		309F4065224CFD750049DD2F /* Release */ = {
			isa = XCBuildConfiguration;
			buildSettings = {
				ALWAYS_SEARCH_USER_PATHS = NO;
				CLANG_ANALYZER_NONNULL = YES;
				CLANG_ANALYZER_NUMBER_OBJECT_CONVERSION = YES_AGGRESSIVE;
				CLANG_CXX_LANGUAGE_STANDARD = "gnu++14";
				CLANG_CXX_LIBRARY = "libc++";
				CLANG_ENABLE_MODULES = YES;
				CLANG_ENABLE_OBJC_ARC = YES;
				CLANG_ENABLE_OBJC_WEAK = YES;
				CLANG_WARN_BLOCK_CAPTURE_AUTORELEASING = YES;
				CLANG_WARN_BOOL_CONVERSION = YES;
				CLANG_WARN_COMMA = YES;
				CLANG_WARN_CONSTANT_CONVERSION = YES;
				CLANG_WARN_DEPRECATED_OBJC_IMPLEMENTATIONS = YES;
				CLANG_WARN_DIRECT_OBJC_ISA_USAGE = YES_ERROR;
				CLANG_WARN_DOCUMENTATION_COMMENTS = YES;
				CLANG_WARN_EMPTY_BODY = YES;
				CLANG_WARN_ENUM_CONVERSION = YES;
				CLANG_WARN_INFINITE_RECURSION = YES;
				CLANG_WARN_INT_CONVERSION = YES;
				CLANG_WARN_NON_LITERAL_NULL_CONVERSION = YES;
				CLANG_WARN_OBJC_IMPLICIT_RETAIN_SELF = YES;
				CLANG_WARN_OBJC_LITERAL_CONVERSION = YES;
				CLANG_WARN_OBJC_ROOT_CLASS = YES_ERROR;
				CLANG_WARN_RANGE_LOOP_ANALYSIS = YES;
				CLANG_WARN_STRICT_PROTOTYPES = YES;
				CLANG_WARN_SUSPICIOUS_MOVE = YES;
				CLANG_WARN_UNGUARDED_AVAILABILITY = YES_AGGRESSIVE;
				CLANG_WARN_UNREACHABLE_CODE = YES;
				CLANG_WARN__DUPLICATE_METHOD_MATCH = YES;
				CODE_SIGN_IDENTITY = "iPhone Developer";
				COPY_PHASE_STRIP = NO;
				DEBUG_INFORMATION_FORMAT = "dwarf-with-dsym";
				ENABLE_NS_ASSERTIONS = NO;
				ENABLE_STRICT_OBJC_MSGSEND = YES;
				GCC_C_LANGUAGE_STANDARD = gnu11;
				GCC_NO_COMMON_BLOCKS = YES;
				GCC_WARN_64_TO_32_BIT_CONVERSION = YES;
				GCC_WARN_ABOUT_RETURN_TYPE = YES_ERROR;
				GCC_WARN_UNDECLARED_SELECTOR = YES;
				GCC_WARN_UNINITIALIZED_AUTOS = YES_AGGRESSIVE;
				GCC_WARN_UNUSED_FUNCTION = YES;
				GCC_WARN_UNUSED_VARIABLE = YES;
				IPHONEOS_DEPLOYMENT_TARGET = 12.2;
				MTL_ENABLE_DEBUG_INFO = NO;
				MTL_FAST_MATH = YES;
				SDKROOT = iphoneos;
				SWIFT_COMPILATION_MODE = wholemodule;
				SWIFT_OPTIMIZATION_LEVEL = "-O";
				VALIDATE_PRODUCT = YES;
			};
			name = Release;
		};
		309F4067224CFD750049DD2F /* Debug */ = {
			isa = XCBuildConfiguration;
			buildSettings = {
				ASSETCATALOG_COMPILER_APPICON_NAME = AppIcon;
				CODE_SIGN_STYLE = Automatic;
				DEVELOPMENT_TEAM = 7W52686N5Z;
				INFOPLIST_FILE = "$(SRCROOT)/Birdsong/Supporting Files/Info.plist";
				IPHONEOS_DEPLOYMENT_TARGET = 12.1;
				LD_RUNPATH_SEARCH_PATHS = (
					"$(inherited)",
					"@executable_path/Frameworks",
				);
				PRODUCT_BUNDLE_IDENTIFIER = com.dannykang.Birdsong;
				PRODUCT_NAME = "$(TARGET_NAME)";
				SWIFT_VERSION = 5.0;
				TARGETED_DEVICE_FAMILY = 1;
			};
			name = Debug;
		};
		309F4068224CFD750049DD2F /* Release */ = {
			isa = XCBuildConfiguration;
			buildSettings = {
				ASSETCATALOG_COMPILER_APPICON_NAME = AppIcon;
				CODE_SIGN_STYLE = Automatic;
				DEVELOPMENT_TEAM = 7W52686N5Z;
				INFOPLIST_FILE = "$(SRCROOT)/Birdsong/Supporting Files/Info.plist";
				IPHONEOS_DEPLOYMENT_TARGET = 12.1;
				LD_RUNPATH_SEARCH_PATHS = (
					"$(inherited)",
					"@executable_path/Frameworks",
				);
				PRODUCT_BUNDLE_IDENTIFIER = com.dannykang.Birdsong;
				PRODUCT_NAME = "$(TARGET_NAME)";
				SWIFT_VERSION = 5.0;
				TARGETED_DEVICE_FAMILY = 1;
			};
			name = Release;
		};
/* End XCBuildConfiguration section */

/* Begin XCConfigurationList section */
		309F404F224CFD750049DD2F /* Build configuration list for PBXProject "Birdsong" */ = {
			isa = XCConfigurationList;
			buildConfigurations = (
				309F4064224CFD750049DD2F /* Debug */,
				309F4065224CFD750049DD2F /* Release */,
			);
			defaultConfigurationIsVisible = 0;
			defaultConfigurationName = Release;
		};
		309F4066224CFD750049DD2F /* Build configuration list for PBXNativeTarget "Birdsong" */ = {
			isa = XCConfigurationList;
			buildConfigurations = (
				309F4067224CFD750049DD2F /* Debug */,
				309F4068224CFD750049DD2F /* Release */,
			);
			defaultConfigurationIsVisible = 0;
			defaultConfigurationName = Release;
		};
/* End XCConfigurationList section */
	};
	rootObject = 309F404C224CFD750049DD2F /* Project object */;
}
